// !$*UTF8*$!
{
	archiveVersion = 1;
	classes = {
	};
	objectVersion = 55;
	objects = {

/* Begin PBXBuildFile section */
		231DC45B2714D8BE00AB773C /* AppDelegate.swift in Sources */ = {isa = PBXBuildFile; fileRef = 231DC45A2714D8BE00AB773C /* AppDelegate.swift */; };
		231DC45D2714D8BE00AB773C /* SceneDelegate.swift in Sources */ = {isa = PBXBuildFile; fileRef = 231DC45C2714D8BE00AB773C /* SceneDelegate.swift */; };
		231DC4622714D8BE00AB773C /* Main.storyboard in Resources */ = {isa = PBXBuildFile; fileRef = 231DC4602714D8BE00AB773C /* Main.storyboard */; };
		231DC4642714D8C000AB773C /* Assets.xcassets in Resources */ = {isa = PBXBuildFile; fileRef = 231DC4632714D8C000AB773C /* Assets.xcassets */; };
		231DC4672714D8C000AB773C /* LaunchScreen.storyboard in Resources */ = {isa = PBXBuildFile; fileRef = 231DC4652714D8C000AB773C /* LaunchScreen.storyboard */; };
		231DC46F2714DBBE00AB773C /* README.md in Resources */ = {isa = PBXBuildFile; fileRef = 231DC46E2714DBBE00AB773C /* README.md */; };
		231DC4762714DE3100AB773C /* restaurants.json in Resources */ = {isa = PBXBuildFile; fileRef = 231DC4752714DE3100AB773C /* restaurants.json */; };
		231DC47A2714DFC300AB773C /* DataDecoder.swift in Sources */ = {isa = PBXBuildFile; fileRef = 231DC4792714DFC300AB773C /* DataDecoder.swift */; };
		231DC47D2714E01F00AB773C /* OSLog+Loggers.swift in Sources */ = {isa = PBXBuildFile; fileRef = 231DC47C2714E01F00AB773C /* OSLog+Loggers.swift */; };
		231DC4802714E0A900AB773C /* RestaurantsProvider.swift in Sources */ = {isa = PBXBuildFile; fileRef = 231DC47F2714E0A900AB773C /* RestaurantsProvider.swift */; };
		231DC4872714E57E00AB773C /* RestaurantsViewController.swift in Sources */ = {isa = PBXBuildFile; fileRef = 231DC4862714E57E00AB773C /* RestaurantsViewController.swift */; };
		231DC4892714E58D00AB773C /* RestaurantsViewModel.swift in Sources */ = {isa = PBXBuildFile; fileRef = 231DC4882714E58D00AB773C /* RestaurantsViewModel.swift */; };
		231DC48C2714E5A500AB773C /* RestaurantTableViewCell.swift in Sources */ = {isa = PBXBuildFile; fileRef = 231DC48A2714E5A500AB773C /* RestaurantTableViewCell.swift */; };
		231DC48D2714E5A500AB773C /* RestaurantTableViewCell.xib in Resources */ = {isa = PBXBuildFile; fileRef = 231DC48B2714E5A500AB773C /* RestaurantTableViewCell.xib */; };
		231DC48F2714E5AF00AB773C /* Restaurant.swift in Sources */ = {isa = PBXBuildFile; fileRef = 231DC48E2714E5AF00AB773C /* Restaurant.swift */; };
		231DC4912714E72800AB773C /* RestaurantCellViewModel.swift in Sources */ = {isa = PBXBuildFile; fileRef = 231DC4902714E72800AB773C /* RestaurantCellViewModel.swift */; };
		231DC4932714E8BF00AB773C /* UITableViewCell+identifier.swift in Sources */ = {isa = PBXBuildFile; fileRef = 231DC4922714E8BF00AB773C /* UITableViewCell+identifier.swift */; };
		231DC4952714EBEB00AB773C /* RestaurantsDataSource.swift in Sources */ = {isa = PBXBuildFile; fileRef = 231DC4942714EBEB00AB773C /* RestaurantsDataSource.swift */; };
		231DC4982714F59900AB773C /* SortingOption.swift in Sources */ = {isa = PBXBuildFile; fileRef = 231DC4972714F59900AB773C /* SortingOption.swift */; };
		231DC49B2715087500AB773C /* BucketSort.swift in Sources */ = {isa = PBXBuildFile; fileRef = 231DC49A2715087400AB773C /* BucketSort.swift */; };
		234BCB5127156A0A001EF936 /* Bucket.swift in Sources */ = {isa = PBXBuildFile; fileRef = 234BCB5027156A0A001EF936 /* Bucket.swift */; };
		234BCB5327156A1E001EF936 /* InsertionSorter.swift in Sources */ = {isa = PBXBuildFile; fileRef = 234BCB5227156A1E001EF936 /* InsertionSorter.swift */; };
		234BCB5527156A30001EF936 /* StatusDistributor.swift in Sources */ = {isa = PBXBuildFile; fileRef = 234BCB5427156A30001EF936 /* StatusDistributor.swift */; };
		234BCB5727157B91001EF936 /* String+isBackspace.swift in Sources */ = {isa = PBXBuildFile; fileRef = 234BCB5627157B91001EF936 /* String+isBackspace.swift */; };
		234BCB6927157DB2001EF936 /* emptyRestaurants.json in Resources */ = {isa = PBXBuildFile; fileRef = 234BCB6827157DB2001EF936 /* emptyRestaurants.json */; };
		234BCB6C27157E28001EF936 /* DataDecoderTests.swift in Sources */ = {isa = PBXBuildFile; fileRef = 234BCB6B27157E28001EF936 /* DataDecoderTests.swift */; };
/* End PBXBuildFile section */

/* Begin PBXContainerItemProxy section */
		234BCB6027157D55001EF936 /* PBXContainerItemProxy */ = {
			isa = PBXContainerItemProxy;
			containerPortal = 231DC44F2714D8BE00AB773C /* Project object */;
			proxyType = 1;
			remoteGlobalIDString = 231DC4562714D8BE00AB773C;
			remoteInfo = "Just iOS Assignment";
		};
/* End PBXContainerItemProxy section */

/* Begin PBXFileReference section */
		231DC4572714D8BE00AB773C /* Just iOS Assignment.app */ = {isa = PBXFileReference; explicitFileType = wrapper.application; includeInIndex = 0; path = "Just iOS Assignment.app"; sourceTree = BUILT_PRODUCTS_DIR; };
		231DC45A2714D8BE00AB773C /* AppDelegate.swift */ = {isa = PBXFileReference; lastKnownFileType = sourcecode.swift; path = AppDelegate.swift; sourceTree = "<group>"; };
		231DC45C2714D8BE00AB773C /* SceneDelegate.swift */ = {isa = PBXFileReference; lastKnownFileType = sourcecode.swift; path = SceneDelegate.swift; sourceTree = "<group>"; };
		231DC4612714D8BE00AB773C /* Base */ = {isa = PBXFileReference; lastKnownFileType = file.storyboard; name = Base; path = Base.lproj/Main.storyboard; sourceTree = "<group>"; };
		231DC4632714D8C000AB773C /* Assets.xcassets */ = {isa = PBXFileReference; lastKnownFileType = folder.assetcatalog; path = Assets.xcassets; sourceTree = "<group>"; };
		231DC4662714D8C000AB773C /* Base */ = {isa = PBXFileReference; lastKnownFileType = file.storyboard; name = Base; path = Base.lproj/LaunchScreen.storyboard; sourceTree = "<group>"; };
		231DC4682714D8C000AB773C /* Info.plist */ = {isa = PBXFileReference; lastKnownFileType = text.plist.xml; path = Info.plist; sourceTree = "<group>"; };
		231DC46E2714DBBE00AB773C /* README.md */ = {isa = PBXFileReference; lastKnownFileType = net.daringfireball.markdown; path = README.md; sourceTree = "<group>"; };
		231DC4752714DE3100AB773C /* restaurants.json */ = {isa = PBXFileReference; fileEncoding = 4; lastKnownFileType = text.json; path = restaurants.json; sourceTree = "<group>"; };
		231DC4792714DFC300AB773C /* DataDecoder.swift */ = {isa = PBXFileReference; lastKnownFileType = sourcecode.swift; path = DataDecoder.swift; sourceTree = "<group>"; };
		231DC47C2714E01F00AB773C /* OSLog+Loggers.swift */ = {isa = PBXFileReference; lastKnownFileType = sourcecode.swift; path = "OSLog+Loggers.swift"; sourceTree = "<group>"; };
		231DC47F2714E0A900AB773C /* RestaurantsProvider.swift */ = {isa = PBXFileReference; lastKnownFileType = sourcecode.swift; path = RestaurantsProvider.swift; sourceTree = "<group>"; };
		231DC4862714E57E00AB773C /* RestaurantsViewController.swift */ = {isa = PBXFileReference; lastKnownFileType = sourcecode.swift; path = RestaurantsViewController.swift; sourceTree = "<group>"; };
		231DC4882714E58D00AB773C /* RestaurantsViewModel.swift */ = {isa = PBXFileReference; lastKnownFileType = sourcecode.swift; path = RestaurantsViewModel.swift; sourceTree = "<group>"; };
		231DC48A2714E5A500AB773C /* RestaurantTableViewCell.swift */ = {isa = PBXFileReference; lastKnownFileType = sourcecode.swift; path = RestaurantTableViewCell.swift; sourceTree = "<group>"; };
		231DC48B2714E5A500AB773C /* RestaurantTableViewCell.xib */ = {isa = PBXFileReference; lastKnownFileType = file.xib; path = RestaurantTableViewCell.xib; sourceTree = "<group>"; };
		231DC48E2714E5AF00AB773C /* Restaurant.swift */ = {isa = PBXFileReference; lastKnownFileType = sourcecode.swift; path = Restaurant.swift; sourceTree = "<group>"; };
		231DC4902714E72800AB773C /* RestaurantCellViewModel.swift */ = {isa = PBXFileReference; lastKnownFileType = sourcecode.swift; path = RestaurantCellViewModel.swift; sourceTree = "<group>"; };
		231DC4922714E8BF00AB773C /* UITableViewCell+identifier.swift */ = {isa = PBXFileReference; lastKnownFileType = sourcecode.swift; path = "UITableViewCell+identifier.swift"; sourceTree = "<group>"; };
		231DC4942714EBEB00AB773C /* RestaurantsDataSource.swift */ = {isa = PBXFileReference; lastKnownFileType = sourcecode.swift; path = RestaurantsDataSource.swift; sourceTree = "<group>"; };
		231DC4972714F59900AB773C /* SortingOption.swift */ = {isa = PBXFileReference; lastKnownFileType = sourcecode.swift; path = SortingOption.swift; sourceTree = "<group>"; };
		231DC49A2715087400AB773C /* BucketSort.swift */ = {isa = PBXFileReference; lastKnownFileType = sourcecode.swift; path = BucketSort.swift; sourceTree = "<group>"; };
		234BCB5027156A0A001EF936 /* Bucket.swift */ = {isa = PBXFileReference; lastKnownFileType = sourcecode.swift; path = Bucket.swift; sourceTree = "<group>"; };
		234BCB5227156A1E001EF936 /* InsertionSorter.swift */ = {isa = PBXFileReference; lastKnownFileType = sourcecode.swift; path = InsertionSorter.swift; sourceTree = "<group>"; };
		234BCB5427156A30001EF936 /* StatusDistributor.swift */ = {isa = PBXFileReference; lastKnownFileType = sourcecode.swift; path = StatusDistributor.swift; sourceTree = "<group>"; };
		234BCB5627157B91001EF936 /* String+isBackspace.swift */ = {isa = PBXFileReference; lastKnownFileType = sourcecode.swift; path = "String+isBackspace.swift"; sourceTree = "<group>"; };
		234BCB5C27157D55001EF936 /* Just iOS AssignmentTests.xctest */ = {isa = PBXFileReference; explicitFileType = wrapper.cfbundle; includeInIndex = 0; path = "Just iOS AssignmentTests.xctest"; sourceTree = BUILT_PRODUCTS_DIR; };
		234BCB6827157DB2001EF936 /* emptyRestaurants.json */ = {isa = PBXFileReference; lastKnownFileType = text.json; path = emptyRestaurants.json; sourceTree = "<group>"; };
		234BCB6B27157E28001EF936 /* DataDecoderTests.swift */ = {isa = PBXFileReference; lastKnownFileType = sourcecode.swift; path = DataDecoderTests.swift; sourceTree = "<group>"; };
/* End PBXFileReference section */

/* Begin PBXFrameworksBuildPhase section */
		231DC4542714D8BE00AB773C /* Frameworks */ = {
			isa = PBXFrameworksBuildPhase;
			buildActionMask = 2147483647;
			files = (
			);
			runOnlyForDeploymentPostprocessing = 0;
		};
		234BCB5927157D55001EF936 /* Frameworks */ = {
			isa = PBXFrameworksBuildPhase;
			buildActionMask = 2147483647;
			files = (
			);
			runOnlyForDeploymentPostprocessing = 0;
		};
/* End PBXFrameworksBuildPhase section */

/* Begin PBXGroup section */
		231DC44E2714D8BE00AB773C = {
			isa = PBXGroup;
			children = (
				231DC46E2714DBBE00AB773C /* README.md */,
				231DC4592714D8BE00AB773C /* Just iOS Assignment */,
				234BCB5D27157D55001EF936 /* Just iOS AssignmentTests */,
				231DC4582714D8BE00AB773C /* Products */,
			);
			sourceTree = "<group>";
		};
		231DC4582714D8BE00AB773C /* Products */ = {
			isa = PBXGroup;
			children = (
				231DC4572714D8BE00AB773C /* Just iOS Assignment.app */,
				234BCB5C27157D55001EF936 /* Just iOS AssignmentTests.xctest */,
			);
			name = Products;
			sourceTree = "<group>";
		};
		231DC4592714D8BE00AB773C /* Just iOS Assignment */ = {
			isa = PBXGroup;
			children = (
				231DC4702714DCE900AB773C /* Application Delegates */,
				231DC4712714DCFA00AB773C /* Configurations */,
				231DC4722714DD0F00AB773C /* Resources */,
				231DC4772714DF9B00AB773C /* Utilities */,
				231DC4732714DD2500AB773C /* StoryBoards */,
				231DC47E2714E08900AB773C /* Providers */,
				231DC4742714DD3500AB773C /* Screens */,
			);
			path = "Just iOS Assignment";
			sourceTree = "<group>";
		};
		231DC4702714DCE900AB773C /* Application Delegates */ = {
			isa = PBXGroup;
			children = (
				231DC45A2714D8BE00AB773C /* AppDelegate.swift */,
				231DC45C2714D8BE00AB773C /* SceneDelegate.swift */,
			);
			path = "Application Delegates";
			sourceTree = "<group>";
		};
		231DC4712714DCFA00AB773C /* Configurations */ = {
			isa = PBXGroup;
			children = (
				231DC4682714D8C000AB773C /* Info.plist */,
			);
			path = Configurations;
			sourceTree = "<group>";
		};
		231DC4722714DD0F00AB773C /* Resources */ = {
			isa = PBXGroup;
			children = (
				231DC4632714D8C000AB773C /* Assets.xcassets */,
				231DC4752714DE3100AB773C /* restaurants.json */,
			);
			path = Resources;
			sourceTree = "<group>";
		};
		231DC4732714DD2500AB773C /* StoryBoards */ = {
			isa = PBXGroup;
			children = (
				231DC4602714D8BE00AB773C /* Main.storyboard */,
				231DC4652714D8C000AB773C /* LaunchScreen.storyboard */,
			);
			path = StoryBoards;
			sourceTree = "<group>";
		};
		231DC4742714DD3500AB773C /* Screens */ = {
			isa = PBXGroup;
			children = (
				231DC4812714E53800AB773C /* Restaurants */,
			);
			path = Screens;
			sourceTree = "<group>";
		};
		231DC4772714DF9B00AB773C /* Utilities */ = {
			isa = PBXGroup;
			children = (
				231DC4992715086800AB773C /* BucketSort */,
				231DC47B2714E00C00AB773C /* Extensions */,
				231DC4782714DFA900AB773C /* DataDecoder */,
			);
			path = Utilities;
			sourceTree = "<group>";
		};
		231DC4782714DFA900AB773C /* DataDecoder */ = {
			isa = PBXGroup;
			children = (
				231DC4792714DFC300AB773C /* DataDecoder.swift */,
			);
			path = DataDecoder;
			sourceTree = "<group>";
		};
		231DC47B2714E00C00AB773C /* Extensions */ = {
			isa = PBXGroup;
			children = (
				231DC47C2714E01F00AB773C /* OSLog+Loggers.swift */,
				231DC4922714E8BF00AB773C /* UITableViewCell+identifier.swift */,
				234BCB5627157B91001EF936 /* String+isBackspace.swift */,
			);
			path = Extensions;
			sourceTree = "<group>";
		};
		231DC47E2714E08900AB773C /* Providers */ = {
			isa = PBXGroup;
			children = (
				231DC47F2714E0A900AB773C /* RestaurantsProvider.swift */,
			);
			path = Providers;
			sourceTree = "<group>";
		};
		231DC4812714E53800AB773C /* Restaurants */ = {
			isa = PBXGroup;
			children = (
				231DC4852714E56200AB773C /* Model */,
				231DC4842714E55B00AB773C /* View */,
				231DC4832714E55200AB773C /* ViewModel */,
				231DC4822714E54100AB773C /* Controller */,
			);
			path = Restaurants;
			sourceTree = "<group>";
		};
		231DC4822714E54100AB773C /* Controller */ = {
			isa = PBXGroup;
			children = (
				231DC4962714EDA300AB773C /* NibController */,
				231DC4862714E57E00AB773C /* RestaurantsViewController.swift */,
				231DC4942714EBEB00AB773C /* RestaurantsDataSource.swift */,
			);
			path = Controller;
			sourceTree = "<group>";
		};
		231DC4832714E55200AB773C /* ViewModel */ = {
			isa = PBXGroup;
			children = (
				231DC4882714E58D00AB773C /* RestaurantsViewModel.swift */,
				231DC4902714E72800AB773C /* RestaurantCellViewModel.swift */,
			);
			path = ViewModel;
			sourceTree = "<group>";
		};
		231DC4842714E55B00AB773C /* View */ = {
			isa = PBXGroup;
			children = (
				231DC48B2714E5A500AB773C /* RestaurantTableViewCell.xib */,
			);
			path = View;
			sourceTree = "<group>";
		};
		231DC4852714E56200AB773C /* Model */ = {
			isa = PBXGroup;
			children = (
				231DC48E2714E5AF00AB773C /* Restaurant.swift */,
				231DC4972714F59900AB773C /* SortingOption.swift */,
			);
			path = Model;
			sourceTree = "<group>";
		};
		231DC4962714EDA300AB773C /* NibController */ = {
			isa = PBXGroup;
			children = (
				231DC48A2714E5A500AB773C /* RestaurantTableViewCell.swift */,
			);
			path = NibController;
			sourceTree = "<group>";
		};
		231DC4992715086800AB773C /* BucketSort */ = {
			isa = PBXGroup;
			children = (
				231DC49A2715087400AB773C /* BucketSort.swift */,
				234BCB5027156A0A001EF936 /* Bucket.swift */,
				234BCB5227156A1E001EF936 /* InsertionSorter.swift */,
				234BCB5427156A30001EF936 /* StatusDistributor.swift */,
			);
			path = BucketSort;
			sourceTree = "<group>";
		};
		234BCB5D27157D55001EF936 /* Just iOS AssignmentTests */ = {
			isa = PBXGroup;
			children = (
				234BCB6A27157DD4001EF936 /* DataDecoder */,
				234BCB6527157D6B001EF936 /* Resources */,
			);
			path = "Just iOS AssignmentTests";
			sourceTree = "<group>";
		};
		234BCB6527157D6B001EF936 /* Resources */ = {
			isa = PBXGroup;
			children = (
				234BCB6827157DB2001EF936 /* emptyRestaurants.json */,
			);
			path = Resources;
			sourceTree = "<group>";
		};
		234BCB6A27157DD4001EF936 /* DataDecoder */ = {
			isa = PBXGroup;
			children = (
				234BCB6B27157E28001EF936 /* DataDecoderTests.swift */,
			);
			path = DataDecoder;
			sourceTree = "<group>";
		};
/* End PBXGroup section */

/* Begin PBXNativeTarget section */
		231DC4562714D8BE00AB773C /* Just iOS Assignment */ = {
			isa = PBXNativeTarget;
			buildConfigurationList = 231DC46B2714D8C000AB773C /* Build configuration list for PBXNativeTarget "Just iOS Assignment" */;
			buildPhases = (
				231DC4532714D8BE00AB773C /* Sources */,
				231DC4542714D8BE00AB773C /* Frameworks */,
				231DC4552714D8BE00AB773C /* Resources */,
			);
			buildRules = (
			);
			dependencies = (
			);
			name = "Just iOS Assignment";
			productName = "Just iOS Assignment";
			productReference = 231DC4572714D8BE00AB773C /* Just iOS Assignment.app */;
			productType = "com.apple.product-type.application";
		};
		234BCB5B27157D55001EF936 /* Just iOS AssignmentTests */ = {
			isa = PBXNativeTarget;
			buildConfigurationList = 234BCB6427157D55001EF936 /* Build configuration list for PBXNativeTarget "Just iOS AssignmentTests" */;
			buildPhases = (
				234BCB5827157D55001EF936 /* Sources */,
				234BCB5927157D55001EF936 /* Frameworks */,
				234BCB5A27157D55001EF936 /* Resources */,
			);
			buildRules = (
			);
			dependencies = (
				234BCB6127157D55001EF936 /* PBXTargetDependency */,
			);
			name = "Just iOS AssignmentTests";
			productName = "Just iOS AssignmentTests";
			productReference = 234BCB5C27157D55001EF936 /* Just iOS AssignmentTests.xctest */;
			productType = "com.apple.product-type.bundle.unit-test";
		};
/* End PBXNativeTarget section */

/* Begin PBXProject section */
		231DC44F2714D8BE00AB773C /* Project object */ = {
			isa = PBXProject;
			attributes = {
				BuildIndependentTargetsInParallel = 1;
				LastSwiftUpdateCheck = 1300;
				LastUpgradeCheck = 1300;
				TargetAttributes = {
					231DC4562714D8BE00AB773C = {
						CreatedOnToolsVersion = 13.0;
					};
					234BCB5B27157D55001EF936 = {
						CreatedOnToolsVersion = 13.0;
						LastSwiftMigration = 1300;
						TestTargetID = 231DC4562714D8BE00AB773C;
					};
				};
			};
			buildConfigurationList = 231DC4522714D8BE00AB773C /* Build configuration list for PBXProject "Just iOS Assignment" */;
			compatibilityVersion = "Xcode 13.0";
			developmentRegion = en;
			hasScannedForEncodings = 0;
			knownRegions = (
				en,
				Base,
			);
			mainGroup = 231DC44E2714D8BE00AB773C;
			productRefGroup = 231DC4582714D8BE00AB773C /* Products */;
			projectDirPath = "";
			projectRoot = "";
			targets = (
				231DC4562714D8BE00AB773C /* Just iOS Assignment */,
				234BCB5B27157D55001EF936 /* Just iOS AssignmentTests */,
			);
		};
/* End PBXProject section */

/* Begin PBXResourcesBuildPhase section */
		231DC4552714D8BE00AB773C /* Resources */ = {
			isa = PBXResourcesBuildPhase;
			buildActionMask = 2147483647;
			files = (
				231DC4672714D8C000AB773C /* LaunchScreen.storyboard in Resources */,
				231DC4762714DE3100AB773C /* restaurants.json in Resources */,
				231DC4642714D8C000AB773C /* Assets.xcassets in Resources */,
				231DC46F2714DBBE00AB773C /* README.md in Resources */,
				231DC48D2714E5A500AB773C /* RestaurantTableViewCell.xib in Resources */,
				231DC4622714D8BE00AB773C /* Main.storyboard in Resources */,
			);
			runOnlyForDeploymentPostprocessing = 0;
		};
		234BCB5A27157D55001EF936 /* Resources */ = {
			isa = PBXResourcesBuildPhase;
			buildActionMask = 2147483647;
			files = (
				234BCB6927157DB2001EF936 /* emptyRestaurants.json in Resources */,
			);
			runOnlyForDeploymentPostprocessing = 0;
		};
/* End PBXResourcesBuildPhase section */

/* Begin PBXSourcesBuildPhase section */
		231DC4532714D8BE00AB773C /* Sources */ = {
			isa = PBXSourcesBuildPhase;
			buildActionMask = 2147483647;
			files = (
				231DC4932714E8BF00AB773C /* UITableViewCell+identifier.swift in Sources */,
				231DC4952714EBEB00AB773C /* RestaurantsDataSource.swift in Sources */,
				231DC4872714E57E00AB773C /* RestaurantsViewController.swift in Sources */,
				234BCB5127156A0A001EF936 /* Bucket.swift in Sources */,
				234BCB5727157B91001EF936 /* String+isBackspace.swift in Sources */,
				231DC49B2715087500AB773C /* BucketSort.swift in Sources */,
				231DC4892714E58D00AB773C /* RestaurantsViewModel.swift in Sources */,
				231DC4982714F59900AB773C /* SortingOption.swift in Sources */,
				234BCB5527156A30001EF936 /* StatusDistributor.swift in Sources */,
				231DC47A2714DFC300AB773C /* DataDecoder.swift in Sources */,
				231DC47D2714E01F00AB773C /* OSLog+Loggers.swift in Sources */,
				231DC48C2714E5A500AB773C /* RestaurantTableViewCell.swift in Sources */,
				234BCB5327156A1E001EF936 /* InsertionSorter.swift in Sources */,
				231DC4802714E0A900AB773C /* RestaurantsProvider.swift in Sources */,
				231DC45B2714D8BE00AB773C /* AppDelegate.swift in Sources */,
				231DC4912714E72800AB773C /* RestaurantCellViewModel.swift in Sources */,
				231DC45D2714D8BE00AB773C /* SceneDelegate.swift in Sources */,
				231DC48F2714E5AF00AB773C /* Restaurant.swift in Sources */,
			);
			runOnlyForDeploymentPostprocessing = 0;
		};
		234BCB5827157D55001EF936 /* Sources */ = {
			isa = PBXSourcesBuildPhase;
			buildActionMask = 2147483647;
			files = (
				234BCB6C27157E28001EF936 /* DataDecoderTests.swift in Sources */,
			);
			runOnlyForDeploymentPostprocessing = 0;
		};
/* End PBXSourcesBuildPhase section */

/* Begin PBXTargetDependency section */
		234BCB6127157D55001EF936 /* PBXTargetDependency */ = {
			isa = PBXTargetDependency;
			target = 231DC4562714D8BE00AB773C /* Just iOS Assignment */;
			targetProxy = 234BCB6027157D55001EF936 /* PBXContainerItemProxy */;
		};
/* End PBXTargetDependency section */

/* Begin PBXVariantGroup section */
		231DC4602714D8BE00AB773C /* Main.storyboard */ = {
			isa = PBXVariantGroup;
			children = (
				231DC4612714D8BE00AB773C /* Base */,
			);
			name = Main.storyboard;
			sourceTree = "<group>";
		};
		231DC4652714D8C000AB773C /* LaunchScreen.storyboard */ = {
			isa = PBXVariantGroup;
			children = (
				231DC4662714D8C000AB773C /* Base */,
			);
			name = LaunchScreen.storyboard;
			sourceTree = "<group>";
		};
/* End PBXVariantGroup section */

/* Begin XCBuildConfiguration section */
		231DC4692714D8C000AB773C /* Debug */ = {
			isa = XCBuildConfiguration;
			buildSettings = {
				ALWAYS_SEARCH_USER_PATHS = NO;
				CLANG_ANALYZER_NONNULL = YES;
				CLANG_ANALYZER_NUMBER_OBJECT_CONVERSION = YES_AGGRESSIVE;
				CLANG_CXX_LANGUAGE_STANDARD = "gnu++17";
				CLANG_CXX_LIBRARY = "libc++";
				CLANG_ENABLE_MODULES = YES;
				CLANG_ENABLE_OBJC_ARC = YES;
				CLANG_ENABLE_OBJC_WEAK = YES;
				CLANG_WARN_BLOCK_CAPTURE_AUTORELEASING = YES;
				CLANG_WARN_BOOL_CONVERSION = YES;
				CLANG_WARN_COMMA = YES;
				CLANG_WARN_CONSTANT_CONVERSION = YES;
				CLANG_WARN_DEPRECATED_OBJC_IMPLEMENTATIONS = YES;
				CLANG_WARN_DIRECT_OBJC_ISA_USAGE = YES_ERROR;
				CLANG_WARN_DOCUMENTATION_COMMENTS = YES;
				CLANG_WARN_EMPTY_BODY = YES;
				CLANG_WARN_ENUM_CONVERSION = YES;
				CLANG_WARN_INFINITE_RECURSION = YES;
				CLANG_WARN_INT_CONVERSION = YES;
				CLANG_WARN_NON_LITERAL_NULL_CONVERSION = YES;
				CLANG_WARN_OBJC_IMPLICIT_RETAIN_SELF = YES;
				CLANG_WARN_OBJC_LITERAL_CONVERSION = YES;
				CLANG_WARN_OBJC_ROOT_CLASS = YES_ERROR;
				CLANG_WARN_QUOTED_INCLUDE_IN_FRAMEWORK_HEADER = YES;
				CLANG_WARN_RANGE_LOOP_ANALYSIS = YES;
				CLANG_WARN_STRICT_PROTOTYPES = YES;
				CLANG_WARN_SUSPICIOUS_MOVE = YES;
				CLANG_WARN_UNGUARDED_AVAILABILITY = YES_AGGRESSIVE;
				CLANG_WARN_UNREACHABLE_CODE = YES;
				CLANG_WARN__DUPLICATE_METHOD_MATCH = YES;
				COPY_PHASE_STRIP = NO;
				DEBUG_INFORMATION_FORMAT = dwarf;
				ENABLE_STRICT_OBJC_MSGSEND = YES;
				ENABLE_TESTABILITY = YES;
				GCC_C_LANGUAGE_STANDARD = gnu11;
				GCC_DYNAMIC_NO_PIC = NO;
				GCC_NO_COMMON_BLOCKS = YES;
				GCC_OPTIMIZATION_LEVEL = 0;
				GCC_PREPROCESSOR_DEFINITIONS = (
					"DEBUG=1",
					"$(inherited)",
				);
				GCC_WARN_64_TO_32_BIT_CONVERSION = YES;
				GCC_WARN_ABOUT_RETURN_TYPE = YES_ERROR;
				GCC_WARN_UNDECLARED_SELECTOR = YES;
				GCC_WARN_UNINITIALIZED_AUTOS = YES_AGGRESSIVE;
				GCC_WARN_UNUSED_FUNCTION = YES;
				GCC_WARN_UNUSED_VARIABLE = YES;
				IPHONEOS_DEPLOYMENT_TARGET = 15.0;
				MTL_ENABLE_DEBUG_INFO = INCLUDE_SOURCE;
				MTL_FAST_MATH = YES;
				ONLY_ACTIVE_ARCH = YES;
				SDKROOT = iphoneos;
				SWIFT_ACTIVE_COMPILATION_CONDITIONS = DEBUG;
				SWIFT_OPTIMIZATION_LEVEL = "-Onone";
			};
			name = Debug;
		};
		231DC46A2714D8C000AB773C /* Release */ = {
			isa = XCBuildConfiguration;
			buildSettings = {
				ALWAYS_SEARCH_USER_PATHS = NO;
				CLANG_ANALYZER_NONNULL = YES;
				CLANG_ANALYZER_NUMBER_OBJECT_CONVERSION = YES_AGGRESSIVE;
				CLANG_CXX_LANGUAGE_STANDARD = "gnu++17";
				CLANG_CXX_LIBRARY = "libc++";
				CLANG_ENABLE_MODULES = YES;
				CLANG_ENABLE_OBJC_ARC = YES;
				CLANG_ENABLE_OBJC_WEAK = YES;
				CLANG_WARN_BLOCK_CAPTURE_AUTORELEASING = YES;
				CLANG_WARN_BOOL_CONVERSION = YES;
				CLANG_WARN_COMMA = YES;
				CLANG_WARN_CONSTANT_CONVERSION = YES;
				CLANG_WARN_DEPRECATED_OBJC_IMPLEMENTATIONS = YES;
				CLANG_WARN_DIRECT_OBJC_ISA_USAGE = YES_ERROR;
				CLANG_WARN_DOCUMENTATION_COMMENTS = YES;
				CLANG_WARN_EMPTY_BODY = YES;
				CLANG_WARN_ENUM_CONVERSION = YES;
				CLANG_WARN_INFINITE_RECURSION = YES;
				CLANG_WARN_INT_CONVERSION = YES;
				CLANG_WARN_NON_LITERAL_NULL_CONVERSION = YES;
				CLANG_WARN_OBJC_IMPLICIT_RETAIN_SELF = YES;
				CLANG_WARN_OBJC_LITERAL_CONVERSION = YES;
				CLANG_WARN_OBJC_ROOT_CLASS = YES_ERROR;
				CLANG_WARN_QUOTED_INCLUDE_IN_FRAMEWORK_HEADER = YES;
				CLANG_WARN_RANGE_LOOP_ANALYSIS = YES;
				CLANG_WARN_STRICT_PROTOTYPES = YES;
				CLANG_WARN_SUSPICIOUS_MOVE = YES;
				CLANG_WARN_UNGUARDED_AVAILABILITY = YES_AGGRESSIVE;
				CLANG_WARN_UNREACHABLE_CODE = YES;
				CLANG_WARN__DUPLICATE_METHOD_MATCH = YES;
				COPY_PHASE_STRIP = NO;
				DEBUG_INFORMATION_FORMAT = "dwarf-with-dsym";
				ENABLE_NS_ASSERTIONS = NO;
				ENABLE_STRICT_OBJC_MSGSEND = YES;
				GCC_C_LANGUAGE_STANDARD = gnu11;
				GCC_NO_COMMON_BLOCKS = YES;
				GCC_WARN_64_TO_32_BIT_CONVERSION = YES;
				GCC_WARN_ABOUT_RETURN_TYPE = YES_ERROR;
				GCC_WARN_UNDECLARED_SELECTOR = YES;
				GCC_WARN_UNINITIALIZED_AUTOS = YES_AGGRESSIVE;
				GCC_WARN_UNUSED_FUNCTION = YES;
				GCC_WARN_UNUSED_VARIABLE = YES;
				IPHONEOS_DEPLOYMENT_TARGET = 15.0;
				MTL_ENABLE_DEBUG_INFO = NO;
				MTL_FAST_MATH = YES;
				SDKROOT = iphoneos;
				SWIFT_COMPILATION_MODE = wholemodule;
				SWIFT_OPTIMIZATION_LEVEL = "-O";
				VALIDATE_PRODUCT = YES;
			};
			name = Release;
		};
		231DC46C2714D8C000AB773C /* Debug */ = {
			isa = XCBuildConfiguration;
			buildSettings = {
				ASSETCATALOG_COMPILER_APPICON_NAME = AppIcon;
				ASSETCATALOG_COMPILER_GLOBAL_ACCENT_COLOR_NAME = AccentColor;
				CODE_SIGN_STYLE = Automatic;
				CURRENT_PROJECT_VERSION = 1;
				DEVELOPMENT_TEAM = 8V78H7WRYL;
				GENERATE_INFOPLIST_FILE = YES;
				INFOPLIST_FILE = "Just iOS Assignment/Configurations/Info.plist";
				INFOPLIST_KEY_UIApplicationSupportsIndirectInputEvents = YES;
				INFOPLIST_KEY_UILaunchStoryboardName = LaunchScreen;
				INFOPLIST_KEY_UIMainStoryboardFile = Main;
				INFOPLIST_KEY_UISupportedInterfaceOrientations_iPad = "UIInterfaceOrientationPortrait UIInterfaceOrientationPortraitUpsideDown UIInterfaceOrientationLandscapeLeft UIInterfaceOrientationLandscapeRight";
				INFOPLIST_KEY_UISupportedInterfaceOrientations_iPhone = "UIInterfaceOrientationPortrait UIInterfaceOrientationLandscapeLeft UIInterfaceOrientationLandscapeRight";
				IPHONEOS_DEPLOYMENT_TARGET = 13.0;
				LD_RUNPATH_SEARCH_PATHS = (
					"$(inherited)",
					"@executable_path/Frameworks",
				);
				MARKETING_VERSION = 1.0;
				PRODUCT_BUNDLE_IDENTIFIER = "com.Takeaway.com.Just-iOS-Assignment";
				PRODUCT_NAME = "$(TARGET_NAME)";
				SWIFT_EMIT_LOC_STRINGS = YES;
				SWIFT_VERSION = 5.0;
				TARGETED_DEVICE_FAMILY = 1;
			};
			name = Debug;
		};
		231DC46D2714D8C000AB773C /* Release */ = {
			isa = XCBuildConfiguration;
			buildSettings = {
				ASSETCATALOG_COMPILER_APPICON_NAME = AppIcon;
				ASSETCATALOG_COMPILER_GLOBAL_ACCENT_COLOR_NAME = AccentColor;
				CODE_SIGN_STYLE = Automatic;
				CURRENT_PROJECT_VERSION = 1;
				DEVELOPMENT_TEAM = 8V78H7WRYL;
				GENERATE_INFOPLIST_FILE = YES;
				INFOPLIST_FILE = "Just iOS Assignment/Configurations/Info.plist";
				INFOPLIST_KEY_UIApplicationSupportsIndirectInputEvents = YES;
				INFOPLIST_KEY_UILaunchStoryboardName = LaunchScreen;
				INFOPLIST_KEY_UIMainStoryboardFile = Main;
				INFOPLIST_KEY_UISupportedInterfaceOrientations_iPad = "UIInterfaceOrientationPortrait UIInterfaceOrientationPortraitUpsideDown UIInterfaceOrientationLandscapeLeft UIInterfaceOrientationLandscapeRight";
				INFOPLIST_KEY_UISupportedInterfaceOrientations_iPhone = "UIInterfaceOrientationPortrait UIInterfaceOrientationLandscapeLeft UIInterfaceOrientationLandscapeRight";
				IPHONEOS_DEPLOYMENT_TARGET = 13.0;
				LD_RUNPATH_SEARCH_PATHS = (
					"$(inherited)",
					"@executable_path/Frameworks",
				);
				MARKETING_VERSION = 1.0;
				PRODUCT_BUNDLE_IDENTIFIER = "com.Takeaway.com.Just-iOS-Assignment";
				PRODUCT_NAME = "$(TARGET_NAME)";
				SWIFT_EMIT_LOC_STRINGS = YES;
				SWIFT_VERSION = 5.0;
				TARGETED_DEVICE_FAMILY = 1;
			};
			name = Release;
		};
		234BCB6227157D55001EF936 /* Debug */ = {
			isa = XCBuildConfiguration;
			buildSettings = {
				BUNDLE_LOADER = "$(TEST_HOST)";
				CLANG_ENABLE_MODULES = YES;
				CODE_SIGN_STYLE = Automatic;
				CURRENT_PROJECT_VERSION = 1;
				DEVELOPMENT_TEAM = 8V78H7WRYL;
				GENERATE_INFOPLIST_FILE = YES;
				LD_RUNPATH_SEARCH_PATHS = (
					"$(inherited)",
					"@executable_path/Frameworks",
					"@loader_path/Frameworks",
				);
				MARKETING_VERSION = 1.0;
				PRODUCT_BUNDLE_IDENTIFIER = "com.Takeaway.com.Just-iOS-AssignmentTests";
				PRODUCT_NAME = "$(TARGET_NAME)";
				SWIFT_EMIT_LOC_STRINGS = NO;
				SWIFT_OPTIMIZATION_LEVEL = "-Onone";
				SWIFT_VERSION = 5.0;
				TARGETED_DEVICE_FAMILY = "1,2";
				TEST_HOST = "$(BUILT_PRODUCTS_DIR)/Just iOS Assignment.app/Just iOS Assignment";
			};
			name = Debug;
		};
		234BCB6327157D55001EF936 /* Release */ = {
			isa = XCBuildConfiguration;
			buildSettings = {
				BUNDLE_LOADER = "$(TEST_HOST)";
				CLANG_ENABLE_MODULES = YES;
				CODE_SIGN_STYLE = Automatic;
				CURRENT_PROJECT_VERSION = 1;
				DEVELOPMENT_TEAM = 8V78H7WRYL;
				GENERATE_INFOPLIST_FILE = YES;
				LD_RUNPATH_SEARCH_PATHS = (
					"$(inherited)",
					"@executable_path/Frameworks",
					"@loader_path/Frameworks",
				);
				MARKETING_VERSION = 1.0;
				PRODUCT_BUNDLE_IDENTIFIER = "com.Takeaway.com.Just-iOS-AssignmentTests";
				PRODUCT_NAME = "$(TARGET_NAME)";
				SWIFT_EMIT_LOC_STRINGS = NO;
				SWIFT_VERSION = 5.0;
				TARGETED_DEVICE_FAMILY = "1,2";
				TEST_HOST = "$(BUILT_PRODUCTS_DIR)/Just iOS Assignment.app/Just iOS Assignment";
			};
			name = Release;
		};
/* End XCBuildConfiguration section */

/* Begin XCConfigurationList section */
		231DC4522714D8BE00AB773C /* Build configuration list for PBXProject "Just iOS Assignment" */ = {
			isa = XCConfigurationList;
			buildConfigurations = (
				231DC4692714D8C000AB773C /* Debug */,
				231DC46A2714D8C000AB773C /* Release */,
			);
			defaultConfigurationIsVisible = 0;
			defaultConfigurationName = Release;
		};
		231DC46B2714D8C000AB773C /* Build configuration list for PBXNativeTarget "Just iOS Assignment" */ = {
			isa = XCConfigurationList;
			buildConfigurations = (
				231DC46C2714D8C000AB773C /* Debug */,
				231DC46D2714D8C000AB773C /* Release */,
			);
			defaultConfigurationIsVisible = 0;
			defaultConfigurationName = Release;
		};
		234BCB6427157D55001EF936 /* Build configuration list for PBXNativeTarget "Just iOS AssignmentTests" */ = {
			isa = XCConfigurationList;
			buildConfigurations = (
				234BCB6227157D55001EF936 /* Debug */,
				234BCB6327157D55001EF936 /* Release */,
			);
			defaultConfigurationIsVisible = 0;
			defaultConfigurationName = Release;
		};
/* End XCConfigurationList section */
	};
	rootObject = 231DC44F2714D8BE00AB773C /* Project object */;
}
